
Microsoft Visual Studio Solution File, Format Version 12.00
# Visual Studio Version 16
VisualStudioVersion = 16.0.29613.14
MinimumVisualStudioVersion = 10.0.40219.1
Project("{8BC9CEB8-8B4A-11D0-8D11-00A0C91BC942}") = "Labaratory5", "Labaratory5\Labaratory5.vcxproj", "{FA2FC250-368E-4563-AFF8-5913FEE5741B}"
EndProject
Global
	GlobalSection(SolutionConfigurationPlatforms) = preSolution
		Debug|x64 = Debug|x64
		Debug|x86 = Debug|x86
		Release|x64 = Release|x64
		Release|x86 = Release|x86
	EndGlobalSection
	GlobalSection(ProjectConfigurationPlatforms) = postSolution
		{FA2FC250-368E-4563-AFF8-5913FEE5741B}.Debug|x64.ActiveCfg = Debug|x64
		{FA2FC250-368E-4563-AFF8-5913FEE5741B}.Debug|x64.Build.0 = Debug|x64
		{FA2FC250-368E-4563-AFF8-5913FEE5741B}.Debug|x86.ActiveCfg = Debug|Win32
		{FA2FC250-368E-4563-AFF8-5913FEE5741B}.Debug|x86.Build.0 = Debug|Win32
		{FA2FC250-368E-4563-AFF8-5913FEE5741B}.Release|x64.ActiveCfg = Release|x64
		{FA2FC250-368E-4563-AFF8-5913FEE5741B}.Release|x64.Build.0 = Release|x64
		{FA2FC250-368E-4563-AFF8-5913FEE5741B}.Release|x86.ActiveCfg = Release|Win32
		{FA2FC250-368E-4563-AFF8-5913FEE5741B}.Release|x86.Build.0 = Release|Win32
	EndGlobalSection
	GlobalSection(SolutionProperties) = preSolution
		HideSolutionNode = FALSE
	EndGlobalSection
	GlobalSection(ExtensibilityGlobals) = postSolution
		SolutionGuid = {EF3A6E69-E7A6-4945-9E93-634A28AF3A56}
	EndGlobalSection
EndGlobal
